
Microsoft Visual Studio Solution File, Format Version 11.00
# Visual Studio 2010
Project("{FAE04EC0-301F-11D3-BF4B-00C04F79EFBC}") = "Assembly-CSharp", "Assembly-CSharp.csproj", "{9975DF34-C07A-D5C4-31B1-3D0AB1CD3711}"
EndProject
Project("{FAE04EC0-301F-11D3-BF4B-00C04F79EFBC}") = "AstarPathfindingProject", "AstarPathfindingProject.csproj", "{19072388-270B-1DFD-EB04-67EF51E6627B}"
EndProject
Project("{FAE04EC0-301F-11D3-BF4B-00C04F79EFBC}") = "AstarPathfindingProjectEditor", "AstarPathfindingProjectEditor.csproj", "{4124C5B6-22CB-004B-A325-77EF15BF389D}"
EndProject
Project("{FAE04EC0-301F-11D3-BF4B-00C04F79EFBC}") = "PackageToolsEditor", "PackageToolsEditor.csproj", "{91BE4F10-5171-770B-D5A9-9BE8800F8D66}"
EndProject
Global
	GlobalSection(SolutionConfigurationPlatforms) = preSolution
		Debug|Any CPU = Debug|Any CPU
		Release|Any CPU = Release|Any CPU
	EndGlobalSection
	GlobalSection(ProjectConfigurationPlatforms) = postSolution
		{9975DF34-C07A-D5C4-31B1-3D0AB1CD3711}.Debug|Any CPU.ActiveCfg = Debug|Any CPU
		{9975DF34-C07A-D5C4-31B1-3D0AB1CD3711}.Debug|Any CPU.Build.0 = Debug|Any CPU
		{9975DF34-C07A-D5C4-31B1-3D0AB1CD3711}.Release|Any CPU.ActiveCfg = Release|Any CPU
		{9975DF34-C07A-D5C4-31B1-3D0AB1CD3711}.Release|Any CPU.Build.0 = Release|Any CPU
		{19072388-270B-1DFD-EB04-67EF51E6627B}.Debug|Any CPU.ActiveCfg = Debug|Any CPU
		{19072388-270B-1DFD-EB04-67EF51E6627B}.Debug|Any CPU.Build.0 = Debug|Any CPU
		{19072388-270B-1DFD-EB04-67EF51E6627B}.Release|Any CPU.ActiveCfg = Release|Any CPU
		{19072388-270B-1DFD-EB04-67EF51E6627B}.Release|Any CPU.Build.0 = Release|Any CPU
		{4124C5B6-22CB-004B-A325-77EF15BF389D}.Debug|Any CPU.ActiveCfg = Debug|Any CPU
		{4124C5B6-22CB-004B-A325-77EF15BF389D}.Debug|Any CPU.Build.0 = Debug|Any CPU
		{4124C5B6-22CB-004B-A325-77EF15BF389D}.Release|Any CPU.ActiveCfg = Release|Any CPU
		{4124C5B6-22CB-004B-A325-77EF15BF389D}.Release|Any CPU.Build.0 = Release|Any CPU
		{91BE4F10-5171-770B-D5A9-9BE8800F8D66}.Debug|Any CPU.ActiveCfg = Debug|Any CPU
		{91BE4F10-5171-770B-D5A9-9BE8800F8D66}.Debug|Any CPU.Build.0 = Debug|Any CPU
		{91BE4F10-5171-770B-D5A9-9BE8800F8D66}.Release|Any CPU.ActiveCfg = Release|Any CPU
		{91BE4F10-5171-770B-D5A9-9BE8800F8D66}.Release|Any CPU.Build.0 = Release|Any CPU
	EndGlobalSection
	GlobalSection(SolutionProperties) = preSolution
		HideSolutionNode = FALSE
	EndGlobalSection
	GlobalSection(MonoDevelopProperties) = preSolution
		StartupItem = Assembly-CSharp.csproj
	EndGlobalSection
EndGlobal
